
Microsoft Visual Studio Solution File, Format Version 12.00
# Visual Studio Version 17
VisualStudioVersion = 17.12.35521.163
MinimumVisualStudioVersion = 10.0.40219.1
Project("{FAE04EC0-301F-11D3-BF4B-00C04F79EFBC}") = "WeatherForecastApi", "WeatherForecastApi\WeatherForecastApi.csproj", "{026F2664-ED74-401C-BD45-0724FA1443E5}"
EndProject
Project("{2150E333-8FDC-42A3-9474-1A3956D46DE8}") = "M001_Intro", "M001_Intro", "{929C7755-E55C-4C49-AF98-5F76CFAA8281}"
EndProject
Project("{2150E333-8FDC-42A3-9474-1A3956D46DE8}") = "Solution Items", "Solution Items", "{67998189-2D45-4A59-8F14-D9113A460546}"
	ProjectSection(SolutionItems) = preProject
		README.md = README.md
	EndProjectSection
EndProject
Project("{2150E333-8FDC-42A3-9474-1A3956D46DE8}") = "M002_Konfiguration", "M002_Konfiguration", "{A198648C-EEFD-4A94-BAB2-B807FF581A08}"
EndProject
Project("{FAE04EC0-301F-11D3-BF4B-00C04F79EFBC}") = "HelloDIP", "HelloDIP\HelloDIP.csproj", "{0ADF7CAE-81DA-400F-8410-D400C6691CFD}"
EndProject
Project("{FAE04EC0-301F-11D3-BF4B-00C04F79EFBC}") = "HelloLogging", "HelloLogging\HelloLogging.csproj", "{C60C1E77-FB87-459F-A661-E35082DDA78D}"
EndProject
Project("{FAE04EC0-301F-11D3-BF4B-00C04F79EFBC}") = "LabDependencyInjection", "LabDependencyInjection\LabDependencyInjection.csproj", "{E34C1137-DCE6-4127-A728-7A1AF427E0EE}"
EndProject
Project("{FAE04EC0-301F-11D3-BF4B-00C04F79EFBC}") = "LabSeriLog", "LabSeriLog\LabSeriLog.csproj", "{FB6283FC-21DB-482A-942B-4618E9B4F98D}"
EndProject
Project("{FAE04EC0-301F-11D3-BF4B-00C04F79EFBC}") = "BusinessModel", "BusinessModel\BusinessModel.csproj", "{BB61B1A4-FF9E-4923-A782-1560BD7F76B0}"
EndProject
Project("{2150E333-8FDC-42A3-9474-1A3956D46DE8}") = "M003_Controllers", "M003_Controllers", "{623F9DA9-3A42-4BE6-B90C-7C4019267581}"
EndProject
Project("{FAE04EC0-301F-11D3-BF4B-00C04F79EFBC}") = "VehicleManagementApi", "VehicleManagementApi\VehicleManagementApi.csproj", "{2ECD4538-3FAD-4ACF-AC45-77E75CA164A7}"
EndProject
Project("{FAE04EC0-301F-11D3-BF4B-00C04F79EFBC}") = "LabBusinessModel", "LabBusinessModel\LabBusinessModel.csproj", "{68DCF2FB-40C2-4A47-A0B3-833190B02AD6}"
EndProject
Project("{FAE04EC0-301F-11D3-BF4B-00C04F79EFBC}") = "LabMovieApi", "LabMovieApi\LabMovieApi.csproj", "{83CCF59F-2034-4805-82C6-6F87BCBA4833}"
EndProject
Project("{2150E333-8FDC-42A3-9474-1A3956D46DE8}") = "M005_EFCore", "M005_EFCore", "{7978ED54-A396-4244-9CE1-C3AAB0B7A058}"
EndProject
Project("{FAE04EC0-301F-11D3-BF4B-00C04F79EFBC}") = "RentACarApi", "RentACarApi\RentACarApi.csproj", "{C20AB340-7ECB-44C3-BD01-8CE1C24E357D}"
EndProject
Project("{FAE04EC0-301F-11D3-BF4B-00C04F79EFBC}") = "NorthwindApi", "NorthwindApi\NorthwindApi.csproj", "{6AF694BD-FB75-40C6-8D2D-EB8DD7689FFD}"
EndProject
Global
	GlobalSection(SolutionConfigurationPlatforms) = preSolution
		Debug|Any CPU = Debug|Any CPU
		Release|Any CPU = Release|Any CPU
	EndGlobalSection
	GlobalSection(ProjectConfigurationPlatforms) = postSolution
		{026F2664-ED74-401C-BD45-0724FA1443E5}.Debug|Any CPU.ActiveCfg = Debug|Any CPU
		{026F2664-ED74-401C-BD45-0724FA1443E5}.Debug|Any CPU.Build.0 = Debug|Any CPU
		{026F2664-ED74-401C-BD45-0724FA1443E5}.Release|Any CPU.ActiveCfg = Release|Any CPU
		{026F2664-ED74-401C-BD45-0724FA1443E5}.Release|Any CPU.Build.0 = Release|Any CPU
		{0ADF7CAE-81DA-400F-8410-D400C6691CFD}.Debug|Any CPU.ActiveCfg = Debug|Any CPU
		{0ADF7CAE-81DA-400F-8410-D400C6691CFD}.Debug|Any CPU.Build.0 = Debug|Any CPU
		{0ADF7CAE-81DA-400F-8410-D400C6691CFD}.Release|Any CPU.ActiveCfg = Release|Any CPU
		{0ADF7CAE-81DA-400F-8410-D400C6691CFD}.Release|Any CPU.Build.0 = Release|Any CPU
		{C60C1E77-FB87-459F-A661-E35082DDA78D}.Debug|Any CPU.ActiveCfg = Debug|Any CPU
		{C60C1E77-FB87-459F-A661-E35082DDA78D}.Debug|Any CPU.Build.0 = Debug|Any CPU
		{C60C1E77-FB87-459F-A661-E35082DDA78D}.Release|Any CPU.ActiveCfg = Release|Any CPU
		{C60C1E77-FB87-459F-A661-E35082DDA78D}.Release|Any CPU.Build.0 = Release|Any CPU
		{E34C1137-DCE6-4127-A728-7A1AF427E0EE}.Debug|Any CPU.ActiveCfg = Debug|Any CPU
		{E34C1137-DCE6-4127-A728-7A1AF427E0EE}.Debug|Any CPU.Build.0 = Debug|Any CPU
		{E34C1137-DCE6-4127-A728-7A1AF427E0EE}.Release|Any CPU.ActiveCfg = Release|Any CPU
		{E34C1137-DCE6-4127-A728-7A1AF427E0EE}.Release|Any CPU.Build.0 = Release|Any CPU
		{FB6283FC-21DB-482A-942B-4618E9B4F98D}.Debug|Any CPU.ActiveCfg = Debug|Any CPU
		{FB6283FC-21DB-482A-942B-4618E9B4F98D}.Debug|Any CPU.Build.0 = Debug|Any CPU
		{FB6283FC-21DB-482A-942B-4618E9B4F98D}.Release|Any CPU.ActiveCfg = Release|Any CPU
		{FB6283FC-21DB-482A-942B-4618E9B4F98D}.Release|Any CPU.Build.0 = Release|Any CPU
		{BB61B1A4-FF9E-4923-A782-1560BD7F76B0}.Debug|Any CPU.ActiveCfg = Debug|Any CPU
		{BB61B1A4-FF9E-4923-A782-1560BD7F76B0}.Debug|Any CPU.Build.0 = Debug|Any CPU
		{BB61B1A4-FF9E-4923-A782-1560BD7F76B0}.Release|Any CPU.ActiveCfg = Release|Any CPU
		{BB61B1A4-FF9E-4923-A782-1560BD7F76B0}.Release|Any CPU.Build.0 = Release|Any CPU
		{2ECD4538-3FAD-4ACF-AC45-77E75CA164A7}.Debug|Any CPU.ActiveCfg = Debug|Any CPU
		{2ECD4538-3FAD-4ACF-AC45-77E75CA164A7}.Debug|Any CPU.Build.0 = Debug|Any CPU
		{2ECD4538-3FAD-4ACF-AC45-77E75CA164A7}.Release|Any CPU.ActiveCfg = Release|Any CPU
		{2ECD4538-3FAD-4ACF-AC45-77E75CA164A7}.Release|Any CPU.Build.0 = Release|Any CPU
		{68DCF2FB-40C2-4A47-A0B3-833190B02AD6}.Debug|Any CPU.ActiveCfg = Debug|Any CPU
		{68DCF2FB-40C2-4A47-A0B3-833190B02AD6}.Debug|Any CPU.Build.0 = Debug|Any CPU
		{68DCF2FB-40C2-4A47-A0B3-833190B02AD6}.Release|Any CPU.ActiveCfg = Release|Any CPU
		{68DCF2FB-40C2-4A47-A0B3-833190B02AD6}.Release|Any CPU.Build.0 = Release|Any CPU
		{83CCF59F-2034-4805-82C6-6F87BCBA4833}.Debug|Any CPU.ActiveCfg = Debug|Any CPU
		{83CCF59F-2034-4805-82C6-6F87BCBA4833}.Debug|Any CPU.Build.0 = Debug|Any CPU
		{83CCF59F-2034-4805-82C6-6F87BCBA4833}.Release|Any CPU.ActiveCfg = Release|Any CPU
		{83CCF59F-2034-4805-82C6-6F87BCBA4833}.Release|Any CPU.Build.0 = Release|Any CPU
		{C20AB340-7ECB-44C3-BD01-8CE1C24E357D}.Debug|Any CPU.ActiveCfg = Debug|Any CPU
		{C20AB340-7ECB-44C3-BD01-8CE1C24E357D}.Debug|Any CPU.Build.0 = Debug|Any CPU
		{C20AB340-7ECB-44C3-BD01-8CE1C24E357D}.Release|Any CPU.ActiveCfg = Release|Any CPU
		{C20AB340-7ECB-44C3-BD01-8CE1C24E357D}.Release|Any CPU.Build.0 = Release|Any CPU
		{6AF694BD-FB75-40C6-8D2D-EB8DD7689FFD}.Debug|Any CPU.ActiveCfg = Debug|Any CPU
		{6AF694BD-FB75-40C6-8D2D-EB8DD7689FFD}.Debug|Any CPU.Build.0 = Debug|Any CPU
		{6AF694BD-FB75-40C6-8D2D-EB8DD7689FFD}.Release|Any CPU.ActiveCfg = Release|Any CPU
		{6AF694BD-FB75-40C6-8D2D-EB8DD7689FFD}.Release|Any CPU.Build.0 = Release|Any CPU
	EndGlobalSection
	GlobalSection(SolutionProperties) = preSolution
		HideSolutionNode = FALSE
	EndGlobalSection
	GlobalSection(NestedProjects) = preSolution
		{026F2664-ED74-401C-BD45-0724FA1443E5} = {929C7755-E55C-4C49-AF98-5F76CFAA8281}
		{0ADF7CAE-81DA-400F-8410-D400C6691CFD} = {A198648C-EEFD-4A94-BAB2-B807FF581A08}
		{C60C1E77-FB87-459F-A661-E35082DDA78D} = {A198648C-EEFD-4A94-BAB2-B807FF581A08}
		{E34C1137-DCE6-4127-A728-7A1AF427E0EE} = {A198648C-EEFD-4A94-BAB2-B807FF581A08}
		{FB6283FC-21DB-482A-942B-4618E9B4F98D} = {A198648C-EEFD-4A94-BAB2-B807FF581A08}
		{2ECD4538-3FAD-4ACF-AC45-77E75CA164A7} = {623F9DA9-3A42-4BE6-B90C-7C4019267581}
		{83CCF59F-2034-4805-82C6-6F87BCBA4833} = {623F9DA9-3A42-4BE6-B90C-7C4019267581}
		{C20AB340-7ECB-44C3-BD01-8CE1C24E357D} = {7978ED54-A396-4244-9CE1-C3AAB0B7A058}
		{6AF694BD-FB75-40C6-8D2D-EB8DD7689FFD} = {7978ED54-A396-4244-9CE1-C3AAB0B7A058}
	EndGlobalSection
EndGlobal
